{
  "name": "3-create-package",
  "lockfileVersion": 3,
  "requires": true,
  "packages": {
    "": {
      "dependencies": {
        "harsha-frame-print": "^1.0.1"
      }
    },
    "node_modules/harsha-frame-print": {
      "version": "1.0.1",
      "resolved": "https://registry.npmjs.org/harsha-frame-print/-/harsha-frame-print-1.0.1.tgz",
      "integrity": "sha512-EOOHQRwJ0AAEd+XCTAp/70d6S2Z0ANXm9R2gODQpyzjYRbK4rkLGFJ18676AFBctZT5sSRBYjcjyQHPQEbZbWA=="
    }
  }
}
